
Microsoft Visual Studio Solution File, Format Version 12.00
# Visual Studio Version 17
VisualStudioVersion = 17.9.34622.214
MinimumVisualStudioVersion = 10.0.40219.1
Project("{FAE04EC0-301F-11D3-BF4B-00C04F79EFBC}") = "HWHZ4", "HWHZ4\HWHZ4.csproj", "{EFC57542-451B-443F-8C17-A3D0859548CD}"
EndProject
Global
	GlobalSection(SolutionConfigurationPlatforms) = preSolution
		Debug|Any CPU = Debug|Any CPU
		Release|Any CPU = Release|Any CPU
	EndGlobalSection
	GlobalSection(ProjectConfigurationPlatforms) = postSolution
		{EFC57542-451B-443F-8C17-A3D0859548CD}.Debug|Any CPU.ActiveCfg = Debug|Any CPU
		{EFC57542-451B-443F-8C17-A3D0859548CD}.Debug|Any CPU.Build.0 = Debug|Any CPU
		{EFC57542-451B-443F-8C17-A3D0859548CD}.Release|Any CPU.ActiveCfg = Release|Any CPU
		{EFC57542-451B-443F-8C17-A3D0859548CD}.Release|Any CPU.Build.0 = Release|Any CPU
	EndGlobalSection
	GlobalSection(SolutionProperties) = preSolution
		HideSolutionNode = FALSE
	EndGlobalSection
	GlobalSection(ExtensibilityGlobals) = postSolution
		SolutionGuid = {AB5A91EB-763F-4B27-A693-343A5DE4CF25}
	EndGlobalSection
EndGlobal
